
Microsoft Visual Studio Solution File, Format Version 12.00
# Visual Studio Version 17
VisualStudioVersion = 17.1.32228.430
MinimumVisualStudioVersion = 10.0.40219.1
Project("{9A19103F-16F7-4668-BE54-9A1E7A4F7556}") = "Reports.Core", "Reports.Core\Reports.Core.csproj", "{DD963B46-E7C4-497D-A1EB-135A038D5E06}"
EndProject
Project("{2150E333-8FDC-42A3-9474-1A3956D46DE8}") = "Solution Items", "Solution Items", "{FFF6E2E0-4681-4D67-BA92-03113C5BB815}"
	ProjectSection(SolutionItems) = preProject
		.editorconfig = .editorconfig
	EndProjectSection
EndProject
Project("{9A19103F-16F7-4668-BE54-9A1E7A4F7556}") = "Reports.Messaging", "Reports.Messaging\Reports.Messaging.csproj", "{A6A516F6-C1D7-4226-9955-49C1DEB78936}"
EndProject
Project("{2150E333-8FDC-42A3-9474-1A3956D46DE8}") = "Modules", "Modules", "{5430DA0C-6229-43B2-A1DD-18F380885E3D}"
EndProject
Project("{2150E333-8FDC-42A3-9474-1A3956D46DE8}") = "Services", "Services", "{05D128A6-5BE8-4C78-BBDF-EC34EAD30D83}"
EndProject
Project("{9A19103F-16F7-4668-BE54-9A1E7A4F7556}") = "Reports.WebApi", "Reports.WebApi\Reports.WebApi.csproj", "{72E14755-C669-4F8F-8911-C23D5098024F}"
EndProject
Project("{9A19103F-16F7-4668-BE54-9A1E7A4F7556}") = "Reports.Worker", "Reports.Worker\Reports.Worker.csproj", "{C5251E6C-304B-4C90-ABA0-DE7DFDD6CF81}"
EndProject
Project("{2150E333-8FDC-42A3-9474-1A3956D46DE8}") = "Reports", "Reports", "{04AE7B4F-0DC5-47B4-B9E5-D1D877C1C431}"
EndProject
Project("{FAE04EC0-301F-11D3-BF4B-00C04F79EFBC}") = "Reports.Infrastruture", "Reports.Infrastruture\Reports.Infrastruture.csproj", "{D71A5E4D-BB48-4255-8028-09AA8BAA38C5}"
EndProject
Project("{FAE04EC0-301F-11D3-BF4B-00C04F79EFBC}") = "Reports.Business", "Reports.Business\Reports.Business.csproj", "{25736850-3618-40E7-80ED-42D1EAC52BBD}"
EndProject
Global
	GlobalSection(SolutionConfigurationPlatforms) = preSolution
		Debug|Any CPU = Debug|Any CPU
		Release|Any CPU = Release|Any CPU
	EndGlobalSection
	GlobalSection(ProjectConfigurationPlatforms) = postSolution
		{DD963B46-E7C4-497D-A1EB-135A038D5E06}.Debug|Any CPU.ActiveCfg = Debug|Any CPU
		{DD963B46-E7C4-497D-A1EB-135A038D5E06}.Debug|Any CPU.Build.0 = Debug|Any CPU
		{DD963B46-E7C4-497D-A1EB-135A038D5E06}.Release|Any CPU.ActiveCfg = Release|Any CPU
		{DD963B46-E7C4-497D-A1EB-135A038D5E06}.Release|Any CPU.Build.0 = Release|Any CPU
		{A6A516F6-C1D7-4226-9955-49C1DEB78936}.Debug|Any CPU.ActiveCfg = Debug|Any CPU
		{A6A516F6-C1D7-4226-9955-49C1DEB78936}.Debug|Any CPU.Build.0 = Debug|Any CPU
		{A6A516F6-C1D7-4226-9955-49C1DEB78936}.Release|Any CPU.ActiveCfg = Release|Any CPU
		{A6A516F6-C1D7-4226-9955-49C1DEB78936}.Release|Any CPU.Build.0 = Release|Any CPU
		{72E14755-C669-4F8F-8911-C23D5098024F}.Debug|Any CPU.ActiveCfg = Debug|Any CPU
		{72E14755-C669-4F8F-8911-C23D5098024F}.Debug|Any CPU.Build.0 = Debug|Any CPU
		{72E14755-C669-4F8F-8911-C23D5098024F}.Release|Any CPU.ActiveCfg = Release|Any CPU
		{72E14755-C669-4F8F-8911-C23D5098024F}.Release|Any CPU.Build.0 = Release|Any CPU
		{C5251E6C-304B-4C90-ABA0-DE7DFDD6CF81}.Debug|Any CPU.ActiveCfg = Debug|Any CPU
		{C5251E6C-304B-4C90-ABA0-DE7DFDD6CF81}.Debug|Any CPU.Build.0 = Debug|Any CPU
		{C5251E6C-304B-4C90-ABA0-DE7DFDD6CF81}.Release|Any CPU.ActiveCfg = Release|Any CPU
		{C5251E6C-304B-4C90-ABA0-DE7DFDD6CF81}.Release|Any CPU.Build.0 = Release|Any CPU
		{D71A5E4D-BB48-4255-8028-09AA8BAA38C5}.Debug|Any CPU.ActiveCfg = Debug|Any CPU
		{D71A5E4D-BB48-4255-8028-09AA8BAA38C5}.Debug|Any CPU.Build.0 = Debug|Any CPU
		{D71A5E4D-BB48-4255-8028-09AA8BAA38C5}.Release|Any CPU.ActiveCfg = Release|Any CPU
		{D71A5E4D-BB48-4255-8028-09AA8BAA38C5}.Release|Any CPU.Build.0 = Release|Any CPU
		{25736850-3618-40E7-80ED-42D1EAC52BBD}.Debug|Any CPU.ActiveCfg = Debug|Any CPU
		{25736850-3618-40E7-80ED-42D1EAC52BBD}.Debug|Any CPU.Build.0 = Debug|Any CPU
		{25736850-3618-40E7-80ED-42D1EAC52BBD}.Release|Any CPU.ActiveCfg = Release|Any CPU
		{25736850-3618-40E7-80ED-42D1EAC52BBD}.Release|Any CPU.Build.0 = Release|Any CPU
	EndGlobalSection
	GlobalSection(SolutionProperties) = preSolution
		HideSolutionNode = FALSE
	EndGlobalSection
	GlobalSection(NestedProjects) = preSolution
		{DD963B46-E7C4-497D-A1EB-135A038D5E06} = {5430DA0C-6229-43B2-A1DD-18F380885E3D}
		{A6A516F6-C1D7-4226-9955-49C1DEB78936} = {5430DA0C-6229-43B2-A1DD-18F380885E3D}
		{72E14755-C669-4F8F-8911-C23D5098024F} = {04AE7B4F-0DC5-47B4-B9E5-D1D877C1C431}
		{C5251E6C-304B-4C90-ABA0-DE7DFDD6CF81} = {04AE7B4F-0DC5-47B4-B9E5-D1D877C1C431}
		{04AE7B4F-0DC5-47B4-B9E5-D1D877C1C431} = {05D128A6-5BE8-4C78-BBDF-EC34EAD30D83}
		{D71A5E4D-BB48-4255-8028-09AA8BAA38C5} = {04AE7B4F-0DC5-47B4-B9E5-D1D877C1C431}
		{25736850-3618-40E7-80ED-42D1EAC52BBD} = {04AE7B4F-0DC5-47B4-B9E5-D1D877C1C431}
	EndGlobalSection
	GlobalSection(ExtensibilityGlobals) = postSolution
		SolutionGuid = {A70C2B31-28E4-4750-B4C0-C552A82CCA4C}
	EndGlobalSection
EndGlobal
